
Microsoft Visual Studio Solution File, Format Version 12.00
# Visual Studio Version 17
VisualStudioVersion = 17.7.34031.279
MinimumVisualStudioVersion = 10.0.40219.1
Project("{8BC9CEB8-8B4A-11D0-8D11-00A0C91BC942}") = "WinsecArkDrv", "msvc\WinsecArkDrv.vcxproj", "{3B7B0D4D-EE95-44FA-A6B7-C3563D740F75}"
EndProject
Project("{8BC9CEB8-8B4A-11D0-8D11-00A0C91BC942}") = "WinsecArkGuiQt", "msvc\WinsecArkGuiQt.vcxproj", "{EB6B89CE-4782-41F3-839B-423121F8FBB8}"
EndProject
Project("{8BC9CEB8-8B4A-11D0-8D11-00A0C91BC942}") = "WinsecArkGui", "msvc\WinsecArkGui.vcxproj", "{3F73BCEC-22B1-4720-95C1-1677C7D3EAE9}"
EndProject
Global
	GlobalSection(SolutionConfigurationPlatforms) = preSolution
		Debug|ARM64 = Debug|ARM64
		Debug|x64 = Debug|x64
		Debug|x86 = Debug|x86
		Release|ARM64 = Release|ARM64
		Release|x64 = Release|x64
		Release|x86 = Release|x86
	EndGlobalSection
	GlobalSection(ProjectConfigurationPlatforms) = postSolution
		{3B7B0D4D-EE95-44FA-A6B7-C3563D740F75}.Debug|ARM64.ActiveCfg = Debug|ARM64
		{3B7B0D4D-EE95-44FA-A6B7-C3563D740F75}.Debug|ARM64.Build.0 = Debug|ARM64
		{3B7B0D4D-EE95-44FA-A6B7-C3563D740F75}.Debug|ARM64.Deploy.0 = Debug|ARM64
		{3B7B0D4D-EE95-44FA-A6B7-C3563D740F75}.Debug|x64.ActiveCfg = Debug|ARM64
		{3B7B0D4D-EE95-44FA-A6B7-C3563D740F75}.Debug|x64.Build.0 = Debug|ARM64
		{3B7B0D4D-EE95-44FA-A6B7-C3563D740F75}.Debug|x64.Deploy.0 = Debug|ARM64
		{3B7B0D4D-EE95-44FA-A6B7-C3563D740F75}.Debug|x86.ActiveCfg = Debug|x64
		{3B7B0D4D-EE95-44FA-A6B7-C3563D740F75}.Debug|x86.Build.0 = Debug|x64
		{3B7B0D4D-EE95-44FA-A6B7-C3563D740F75}.Release|ARM64.ActiveCfg = Release|ARM64
		{3B7B0D4D-EE95-44FA-A6B7-C3563D740F75}.Release|ARM64.Build.0 = Release|ARM64
		{3B7B0D4D-EE95-44FA-A6B7-C3563D740F75}.Release|ARM64.Deploy.0 = Release|ARM64
		{3B7B0D4D-EE95-44FA-A6B7-C3563D740F75}.Release|x64.ActiveCfg = Release|x64
		{3B7B0D4D-EE95-44FA-A6B7-C3563D740F75}.Release|x64.Build.0 = Release|x64
		{3B7B0D4D-EE95-44FA-A6B7-C3563D740F75}.Release|x64.Deploy.0 = Release|x64
		{3B7B0D4D-EE95-44FA-A6B7-C3563D740F75}.Release|x86.ActiveCfg = Release|x64
		{3B7B0D4D-EE95-44FA-A6B7-C3563D740F75}.Release|x86.Build.0 = Release|x64
		{EB6B89CE-4782-41F3-839B-423121F8FBB8}.Debug|ARM64.ActiveCfg = Debug|Win32
		{EB6B89CE-4782-41F3-839B-423121F8FBB8}.Debug|ARM64.Build.0 = Debug|Win32
		{EB6B89CE-4782-41F3-839B-423121F8FBB8}.Debug|x64.ActiveCfg = Debug|Win32
		{EB6B89CE-4782-41F3-839B-423121F8FBB8}.Debug|x64.Build.0 = Debug|Win32
		{EB6B89CE-4782-41F3-839B-423121F8FBB8}.Debug|x86.ActiveCfg = Debug|Win32
		{EB6B89CE-4782-41F3-839B-423121F8FBB8}.Debug|x86.Build.0 = Debug|Win32
		{EB6B89CE-4782-41F3-839B-423121F8FBB8}.Release|ARM64.ActiveCfg = Release|Win32
		{EB6B89CE-4782-41F3-839B-423121F8FBB8}.Release|ARM64.Build.0 = Release|Win32
		{EB6B89CE-4782-41F3-839B-423121F8FBB8}.Release|x64.ActiveCfg = Release|Win32
		{EB6B89CE-4782-41F3-839B-423121F8FBB8}.Release|x64.Build.0 = Release|Win32
		{EB6B89CE-4782-41F3-839B-423121F8FBB8}.Release|x86.ActiveCfg = Release|Win32
		{EB6B89CE-4782-41F3-839B-423121F8FBB8}.Release|x86.Build.0 = Release|Win32
		{3F73BCEC-22B1-4720-95C1-1677C7D3EAE9}.Debug|ARM64.ActiveCfg = Debug|x64
		{3F73BCEC-22B1-4720-95C1-1677C7D3EAE9}.Debug|ARM64.Build.0 = Debug|x64
		{3F73BCEC-22B1-4720-95C1-1677C7D3EAE9}.Debug|x64.ActiveCfg = Debug|x64
		{3F73BCEC-22B1-4720-95C1-1677C7D3EAE9}.Debug|x64.Build.0 = Debug|x64
		{3F73BCEC-22B1-4720-95C1-1677C7D3EAE9}.Debug|x86.ActiveCfg = Debug|Win32
		{3F73BCEC-22B1-4720-95C1-1677C7D3EAE9}.Debug|x86.Build.0 = Debug|Win32
		{3F73BCEC-22B1-4720-95C1-1677C7D3EAE9}.Release|ARM64.ActiveCfg = Release|x64
		{3F73BCEC-22B1-4720-95C1-1677C7D3EAE9}.Release|ARM64.Build.0 = Release|x64
		{3F73BCEC-22B1-4720-95C1-1677C7D3EAE9}.Release|x64.ActiveCfg = Release|x64
		{3F73BCEC-22B1-4720-95C1-1677C7D3EAE9}.Release|x64.Build.0 = Release|x64
		{3F73BCEC-22B1-4720-95C1-1677C7D3EAE9}.Release|x86.ActiveCfg = Release|Win32
		{3F73BCEC-22B1-4720-95C1-1677C7D3EAE9}.Release|x86.Build.0 = Release|Win32
	EndGlobalSection
	GlobalSection(SolutionProperties) = preSolution
		HideSolutionNode = FALSE
	EndGlobalSection
	GlobalSection(ExtensibilityGlobals) = postSolution
		SolutionGuid = {4108338E-7A5C-464C-8E70-4059389264C7}
	EndGlobalSection
EndGlobal
